
Microsoft Visual Studio Solution File, Format Version 12.00
# Visual Studio Version 17
VisualStudioVersion = 17.7.34024.191
MinimumVisualStudioVersion = 10.0.40219.1
Project("{8BC9CEB8-8B4A-11D0-8D11-00A0C91BC942}") = "LearningGraphics", "LearningGraphics.vcxproj", "{5B29FE4B-68CB-4FF9-982D-B70B099DFBCD}"
EndProject
Global
	GlobalSection(SolutionConfigurationPlatforms) = preSolution
		Debug|x64 = Debug|x64
		Debug|x86 = Debug|x86
		Release|x64 = Release|x64
		Release|x86 = Release|x86
	EndGlobalSection
	GlobalSection(ProjectConfigurationPlatforms) = postSolution
		{5B29FE4B-68CB-4FF9-982D-B70B099DFBCD}.Debug|x64.ActiveCfg = Debug|x64
		{5B29FE4B-68CB-4FF9-982D-B70B099DFBCD}.Debug|x64.Build.0 = Debug|x64
		{5B29FE4B-68CB-4FF9-982D-B70B099DFBCD}.Debug|x86.ActiveCfg = Debug|Win32
		{5B29FE4B-68CB-4FF9-982D-B70B099DFBCD}.Debug|x86.Build.0 = Debug|Win32
		{5B29FE4B-68CB-4FF9-982D-B70B099DFBCD}.Release|x64.ActiveCfg = Release|x64
		{5B29FE4B-68CB-4FF9-982D-B70B099DFBCD}.Release|x64.Build.0 = Release|x64
		{5B29FE4B-68CB-4FF9-982D-B70B099DFBCD}.Release|x86.ActiveCfg = Release|Win32
		{5B29FE4B-68CB-4FF9-982D-B70B099DFBCD}.Release|x86.Build.0 = Release|Win32
	EndGlobalSection
	GlobalSection(SolutionProperties) = preSolution
		HideSolutionNode = FALSE
	EndGlobalSection
	GlobalSection(ExtensibilityGlobals) = postSolution
		SolutionGuid = {DDDEA2BF-FEDF-43AF-9FA2-8756C4721ED5}
	EndGlobalSection
EndGlobal
